
Microsoft Visual Studio Solution File, Format Version 10.00
# Visual C++ Express 2008
Project("{8BC9CEB8-8B4A-11D0-8D11-00A0C91BC942}") = "OpenFolderAsAdmin", "OpenFolderAsAdmin\OpenFolderAsAdmin.vcproj", "{8C710737-49C8-4668-8A66-D9AC58CBFE6E}"
EndProject
Global
	GlobalSection(SolutionConfigurationPlatforms) = preSolution
		Debug|Win32 = Debug|Win32
		Release|Win32 = Release|Win32
		Ship|Win32 = Ship|Win32
	EndGlobalSection
	GlobalSection(ProjectConfigurationPlatforms) = postSolution
		{8C710737-49C8-4668-8A66-D9AC58CBFE6E}.Debug|Win32.ActiveCfg = Debug|Win32
		{8C710737-49C8-4668-8A66-D9AC58CBFE6E}.Debug|Win32.Build.0 = Debug|Win32
		{8C710737-49C8-4668-8A66-D9AC58CBFE6E}.Release|Win32.ActiveCfg = Release|Win32
		{8C710737-49C8-4668-8A66-D9AC58CBFE6E}.Release|Win32.Build.0 = Release|Win32
		{8C710737-49C8-4668-8A66-D9AC58CBFE6E}.Ship|Win32.ActiveCfg = Ship|Win32
		{8C710737-49C8-4668-8A66-D9AC58CBFE6E}.Ship|Win32.Build.0 = Ship|Win32
	EndGlobalSection
	GlobalSection(SolutionProperties) = preSolution
		HideSolutionNode = FALSE
	EndGlobalSection
EndGlobal
